
Microsoft Visual Studio Solution File, Format Version 12.00
# Visual Studio Version 17
VisualStudioVersion = 17.9.34728.123
MinimumVisualStudioVersion = 10.0.40219.1
Project("{FAE04EC0-301F-11D3-BF4B-00C04F79EFBC}") = "CarWorkshop.Server", "CarWorkshop.Server\CarWorkshop.Server.csproj", "{00951045-A40B-449E-8C4F-A4767F816C53}"
EndProject
Project("{54A90642-561A-4BB1-A94E-469ADEE60C69}") = "carworkshop.client", "carworkshop.client\carworkshop.client.esproj", "{01369FF0-0454-42B6-894A-07AA853D0E1E}"
EndProject
Global
	GlobalSection(SolutionConfigurationPlatforms) = preSolution
		Debug|Any CPU = Debug|Any CPU
		Release|Any CPU = Release|Any CPU
	EndGlobalSection
	GlobalSection(ProjectConfigurationPlatforms) = postSolution
		{00951045-A40B-449E-8C4F-A4767F816C53}.Debug|Any CPU.ActiveCfg = Debug|Any CPU
		{00951045-A40B-449E-8C4F-A4767F816C53}.Debug|Any CPU.Build.0 = Debug|Any CPU
		{00951045-A40B-449E-8C4F-A4767F816C53}.Release|Any CPU.ActiveCfg = Release|Any CPU
		{00951045-A40B-449E-8C4F-A4767F816C53}.Release|Any CPU.Build.0 = Release|Any CPU
		{01369FF0-0454-42B6-894A-07AA853D0E1E}.Debug|Any CPU.ActiveCfg = Debug|Any CPU
		{01369FF0-0454-42B6-894A-07AA853D0E1E}.Debug|Any CPU.Build.0 = Debug|Any CPU
		{01369FF0-0454-42B6-894A-07AA853D0E1E}.Debug|Any CPU.Deploy.0 = Debug|Any CPU
		{01369FF0-0454-42B6-894A-07AA853D0E1E}.Release|Any CPU.ActiveCfg = Release|Any CPU
		{01369FF0-0454-42B6-894A-07AA853D0E1E}.Release|Any CPU.Build.0 = Release|Any CPU
		{01369FF0-0454-42B6-894A-07AA853D0E1E}.Release|Any CPU.Deploy.0 = Release|Any CPU
	EndGlobalSection
	GlobalSection(SolutionProperties) = preSolution
		HideSolutionNode = FALSE
	EndGlobalSection
	GlobalSection(ExtensibilityGlobals) = postSolution
		SolutionGuid = {3C2FBB13-8BBB-49F9-8E30-A4CF8C93D08D}
	EndGlobalSection
EndGlobal
